
Microsoft Visual Studio Solution File, Format Version 12.00
# Visual Studio 15
VisualStudioVersion = 15.0.28010.2036
MinimumVisualStudioVersion = 10.0.40219.1
Project("{FAE04EC0-301F-11D3-BF4B-00C04F79EFBC}") = "GCLab13", "GCLab13\GCLab13.csproj", "{37EC282F-DF24-4D4B-8673-89AD87B8409A}"
EndProject
Global
	GlobalSection(SolutionConfigurationPlatforms) = preSolution
		Debug|Any CPU = Debug|Any CPU
		Release|Any CPU = Release|Any CPU
	EndGlobalSection
	GlobalSection(ProjectConfigurationPlatforms) = postSolution
		{37EC282F-DF24-4D4B-8673-89AD87B8409A}.Debug|Any CPU.ActiveCfg = Debug|Any CPU
		{37EC282F-DF24-4D4B-8673-89AD87B8409A}.Debug|Any CPU.Build.0 = Debug|Any CPU
		{37EC282F-DF24-4D4B-8673-89AD87B8409A}.Release|Any CPU.ActiveCfg = Release|Any CPU
		{37EC282F-DF24-4D4B-8673-89AD87B8409A}.Release|Any CPU.Build.0 = Release|Any CPU
	EndGlobalSection
	GlobalSection(SolutionProperties) = preSolution
		HideSolutionNode = FALSE
	EndGlobalSection
	GlobalSection(ExtensibilityGlobals) = postSolution
		SolutionGuid = {E1ABF8CF-5AE4-419F-A855-3CAAAA49E885}
	EndGlobalSection
EndGlobal
